
Microsoft Visual Studio Solution File, Format Version 12.00
# Visual Studio Version 16
VisualStudioVersion = 16.0.32929.386
MinimumVisualStudioVersion = 10.0.40219.1
Project("{FAE04EC0-301F-11D3-BF4B-00C04F79EFBC}") = "EmployeeInfo", "EmployeeInfo\EmployeeInfo.csproj", "{2A1D748D-A133-4893-B61B-006019997F34}"
EndProject
Global
	GlobalSection(SolutionConfigurationPlatforms) = preSolution
		Debug|Any CPU = Debug|Any CPU
		Release|Any CPU = Release|Any CPU
	EndGlobalSection
	GlobalSection(ProjectConfigurationPlatforms) = postSolution
		{2A1D748D-A133-4893-B61B-006019997F34}.Debug|Any CPU.ActiveCfg = Debug|Any CPU
		{2A1D748D-A133-4893-B61B-006019997F34}.Debug|Any CPU.Build.0 = Debug|Any CPU
		{2A1D748D-A133-4893-B61B-006019997F34}.Release|Any CPU.ActiveCfg = Release|Any CPU
		{2A1D748D-A133-4893-B61B-006019997F34}.Release|Any CPU.Build.0 = Release|Any CPU
	EndGlobalSection
	GlobalSection(SolutionProperties) = preSolution
		HideSolutionNode = FALSE
	EndGlobalSection
	GlobalSection(ExtensibilityGlobals) = postSolution
		SolutionGuid = {AEB70079-E09D-43DA-B511-F121274567F9}
	EndGlobalSection
EndGlobal
